
Microsoft Visual Studio Solution File, Format Version 12.00
# Visual Studio Version 16
VisualStudioVersion = 16.0.30523.141
MinimumVisualStudioVersion = 10.0.40219.1
Project("{8BC9CEB8-8B4A-11D0-8D11-00A0C91BC942}") = "oop_laba4.4", "oop_laba4.4\oop_laba4.4.vcxproj", "{541D76F0-918B-4EEB-AAC5-F962B71DB675}"
EndProject
Project("{8BC9CEB8-8B4A-11D0-8D11-00A0C91BC942}") = "UnitTest1", "UnitTest1\UnitTest1.vcxproj", "{B2399189-B0E0-49D0-AD9B-0ED6CEF07890}"
EndProject
Global
	GlobalSection(SolutionConfigurationPlatforms) = preSolution
		Debug|x64 = Debug|x64
		Debug|x86 = Debug|x86
		Release|x64 = Release|x64
		Release|x86 = Release|x86
	EndGlobalSection
	GlobalSection(ProjectConfigurationPlatforms) = postSolution
		{541D76F0-918B-4EEB-AAC5-F962B71DB675}.Debug|x64.ActiveCfg = Debug|x64
		{541D76F0-918B-4EEB-AAC5-F962B71DB675}.Debug|x64.Build.0 = Debug|x64
		{541D76F0-918B-4EEB-AAC5-F962B71DB675}.Debug|x86.ActiveCfg = Debug|Win32
		{541D76F0-918B-4EEB-AAC5-F962B71DB675}.Debug|x86.Build.0 = Debug|Win32
		{541D76F0-918B-4EEB-AAC5-F962B71DB675}.Release|x64.ActiveCfg = Release|x64
		{541D76F0-918B-4EEB-AAC5-F962B71DB675}.Release|x64.Build.0 = Release|x64
		{541D76F0-918B-4EEB-AAC5-F962B71DB675}.Release|x86.ActiveCfg = Release|Win32
		{541D76F0-918B-4EEB-AAC5-F962B71DB675}.Release|x86.Build.0 = Release|Win32
		{B2399189-B0E0-49D0-AD9B-0ED6CEF07890}.Debug|x64.ActiveCfg = Debug|x64
		{B2399189-B0E0-49D0-AD9B-0ED6CEF07890}.Debug|x64.Build.0 = Debug|x64
		{B2399189-B0E0-49D0-AD9B-0ED6CEF07890}.Debug|x86.ActiveCfg = Debug|Win32
		{B2399189-B0E0-49D0-AD9B-0ED6CEF07890}.Debug|x86.Build.0 = Debug|Win32
		{B2399189-B0E0-49D0-AD9B-0ED6CEF07890}.Release|x64.ActiveCfg = Release|x64
		{B2399189-B0E0-49D0-AD9B-0ED6CEF07890}.Release|x64.Build.0 = Release|x64
		{B2399189-B0E0-49D0-AD9B-0ED6CEF07890}.Release|x86.ActiveCfg = Release|Win32
		{B2399189-B0E0-49D0-AD9B-0ED6CEF07890}.Release|x86.Build.0 = Release|Win32
	EndGlobalSection
	GlobalSection(SolutionProperties) = preSolution
		HideSolutionNode = FALSE
	EndGlobalSection
	GlobalSection(ExtensibilityGlobals) = postSolution
		SolutionGuid = {CA5ABB0B-8A33-4A85-9EBF-AF5D3A349938}
	EndGlobalSection
EndGlobal
